// !$*UTF8*$!
{
	archiveVersion = 1;
	classes = {
	};
	objectVersion = 50;
	objects = {

/* Begin PBXBuildFile section */
		27905914258738DD00C9372A /* Tests_iOS.swift in Sources */ = {isa = PBXBuildFile; fileRef = 27905913258738DD00C9372A /* Tests_iOS.swift */; };
		2790591F258738DD00C9372A /* Tests_macOS.swift in Sources */ = {isa = PBXBuildFile; fileRef = 2790591E258738DD00C9372A /* Tests_macOS.swift */; };
		27905921258738DD00C9372A /* Cocktail.xcdatamodeld in Sources */ = {isa = PBXBuildFile; fileRef = 279058F5258738DD00C9372A /* Cocktail.xcdatamodeld */; };
		27905922258738DD00C9372A /* Cocktail.xcdatamodeld in Sources */ = {isa = PBXBuildFile; fileRef = 279058F5258738DD00C9372A /* Cocktail.xcdatamodeld */; };
		27905923258738DD00C9372A /* CocktailApp.swift in Sources */ = {isa = PBXBuildFile; fileRef = 279058F7258738DD00C9372A /* CocktailApp.swift */; };
		27905924258738DD00C9372A /* CocktailApp.swift in Sources */ = {isa = PBXBuildFile; fileRef = 279058F7258738DD00C9372A /* CocktailApp.swift */; };
		27905925258738DD00C9372A /* ContentView.swift in Sources */ = {isa = PBXBuildFile; fileRef = 279058F8258738DD00C9372A /* ContentView.swift */; };
		27905926258738DD00C9372A /* ContentView.swift in Sources */ = {isa = PBXBuildFile; fileRef = 279058F8258738DD00C9372A /* ContentView.swift */; };
		27905927258738DD00C9372A /* Persistence.swift in Sources */ = {isa = PBXBuildFile; fileRef = 279058F9258738DD00C9372A /* Persistence.swift */; };
		27905928258738DD00C9372A /* Persistence.swift in Sources */ = {isa = PBXBuildFile; fileRef = 279058F9258738DD00C9372A /* Persistence.swift */; };
		27905929258738DD00C9372A /* Assets.xcassets in Resources */ = {isa = PBXBuildFile; fileRef = 279058FA258738DD00C9372A /* Assets.xcassets */; };
		2790592A258738DD00C9372A /* Assets.xcassets in Resources */ = {isa = PBXBuildFile; fileRef = 279058FA258738DD00C9372A /* Assets.xcassets */; };
		2790593F2587396800C9372A /* recipes.json in Resources */ = {isa = PBXBuildFile; fileRef = 2790593E2587396800C9372A /* recipes.json */; };
		279059402587396800C9372A /* recipes.json in Resources */ = {isa = PBXBuildFile; fileRef = 2790593E2587396800C9372A /* recipes.json */; };
		2790594725873B0000C9372A /* Ingredient.swift in Sources */ = {isa = PBXBuildFile; fileRef = 2790594625873B0000C9372A /* Ingredient.swift */; };
		2790594825873B0000C9372A /* Ingredient.swift in Sources */ = {isa = PBXBuildFile; fileRef = 2790594625873B0000C9372A /* Ingredient.swift */; };
		279059522587413700C9372A /* RecipeList.swift in Sources */ = {isa = PBXBuildFile; fileRef = 279059512587413700C9372A /* RecipeList.swift */; };
		279059532587413700C9372A /* RecipeList.swift in Sources */ = {isa = PBXBuildFile; fileRef = 279059512587413700C9372A /* RecipeList.swift */; };
		279059622587455D00C9372A /* DesignTime.swift in Sources */ = {isa = PBXBuildFile; fileRef = 279059612587455D00C9372A /* DesignTime.swift */; };
		279059632587455D00C9372A /* DesignTime.swift in Sources */ = {isa = PBXBuildFile; fileRef = 279059612587455D00C9372A /* DesignTime.swift */; };
		27905969258745E500C9372A /* Recipe.swift in Sources */ = {isa = PBXBuildFile; fileRef = 27905968258745E500C9372A /* Recipe.swift */; };
		2790596A258745E500C9372A /* Recipe.swift in Sources */ = {isa = PBXBuildFile; fileRef = 27905968258745E500C9372A /* Recipe.swift */; };
		2790597D25874ACE00C9372A /* RecipeListRow.swift in Sources */ = {isa = PBXBuildFile; fileRef = 2790597C25874ACE00C9372A /* RecipeListRow.swift */; };
		2790597E25874ACE00C9372A /* RecipeListRow.swift in Sources */ = {isa = PBXBuildFile; fileRef = 2790597C25874ACE00C9372A /* RecipeListRow.swift */; };
		2790599C2587510A00C9372A /* RemoteImage.swift in Sources */ = {isa = PBXBuildFile; fileRef = 2790599B2587510A00C9372A /* RemoteImage.swift */; };
		2790599D2587510A00C9372A /* RemoteImage.swift in Sources */ = {isa = PBXBuildFile; fileRef = 2790599B2587510A00C9372A /* RemoteImage.swift */; };
		279059A32587565500C9372A /* ImageLoader.swift in Sources */ = {isa = PBXBuildFile; fileRef = 279059A22587565500C9372A /* ImageLoader.swift */; };
		279059A42587565500C9372A /* ImageLoader.swift in Sources */ = {isa = PBXBuildFile; fileRef = 279059A22587565500C9372A /* ImageLoader.swift */; };
		279059B225875E3E00C9372A /* RecipeLoader.swift in Sources */ = {isa = PBXBuildFile; fileRef = 279059B125875E3E00C9372A /* RecipeLoader.swift */; };
		279059B325875E3E00C9372A /* RecipeLoader.swift in Sources */ = {isa = PBXBuildFile; fileRef = 279059B125875E3E00C9372A /* RecipeLoader.swift */; };
/* End PBXBuildFile section */

/* Begin PBXContainerItemProxy section */
		27905910258738DD00C9372A /* PBXContainerItemProxy */ = {
			isa = PBXContainerItemProxy;
			containerPortal = 279058F0258738DC00C9372A /* Project object */;
			proxyType = 1;
			remoteGlobalIDString = 279058FE258738DD00C9372A;
			remoteInfo = "Cocktail (iOS)";
		};
		2790591B258738DD00C9372A /* PBXContainerItemProxy */ = {
			isa = PBXContainerItemProxy;
			containerPortal = 279058F0258738DC00C9372A /* Project object */;
			proxyType = 1;
			remoteGlobalIDString = 27905906258738DD00C9372A;
			remoteInfo = "Cocktail (macOS)";
		};
/* End PBXContainerItemProxy section */

/* Begin PBXFileReference section */
		279058F6258738DD00C9372A /* Shared.xcdatamodel */ = {isa = PBXFileReference; lastKnownFileType = wrapper.xcdatamodel; path = Shared.xcdatamodel; sourceTree = "<group>"; };
		279058F7258738DD00C9372A /* CocktailApp.swift */ = {isa = PBXFileReference; lastKnownFileType = sourcecode.swift; path = CocktailApp.swift; sourceTree = "<group>"; };
		279058F8258738DD00C9372A /* ContentView.swift */ = {isa = PBXFileReference; lastKnownFileType = sourcecode.swift; path = ContentView.swift; sourceTree = "<group>"; };
		279058F9258738DD00C9372A /* Persistence.swift */ = {isa = PBXFileReference; lastKnownFileType = sourcecode.swift; path = Persistence.swift; sourceTree = "<group>"; };
		279058FA258738DD00C9372A /* Assets.xcassets */ = {isa = PBXFileReference; lastKnownFileType = folder.assetcatalog; path = Assets.xcassets; sourceTree = "<group>"; };
		279058FF258738DD00C9372A /* Cocktail.app */ = {isa = PBXFileReference; explicitFileType = wrapper.application; includeInIndex = 0; path = Cocktail.app; sourceTree = BUILT_PRODUCTS_DIR; };
		27905902258738DD00C9372A /* Info.plist */ = {isa = PBXFileReference; lastKnownFileType = text.plist.xml; path = Info.plist; sourceTree = "<group>"; };
		27905907258738DD00C9372A /* Cocktail.app */ = {isa = PBXFileReference; explicitFileType = wrapper.application; includeInIndex = 0; path = Cocktail.app; sourceTree = BUILT_PRODUCTS_DIR; };
		27905909258738DD00C9372A /* Info.plist */ = {isa = PBXFileReference; lastKnownFileType = text.plist.xml; path = Info.plist; sourceTree = "<group>"; };
		2790590A258738DD00C9372A /* macOS.entitlements */ = {isa = PBXFileReference; lastKnownFileType = text.plist.entitlements; path = macOS.entitlements; sourceTree = "<group>"; };
		2790590F258738DD00C9372A /* Tests iOS.xctest */ = {isa = PBXFileReference; explicitFileType = wrapper.cfbundle; includeInIndex = 0; path = "Tests iOS.xctest"; sourceTree = BUILT_PRODUCTS_DIR; };
		27905913258738DD00C9372A /* Tests_iOS.swift */ = {isa = PBXFileReference; lastKnownFileType = sourcecode.swift; path = Tests_iOS.swift; sourceTree = "<group>"; };
		27905915258738DD00C9372A /* Info.plist */ = {isa = PBXFileReference; lastKnownFileType = text.plist.xml; path = Info.plist; sourceTree = "<group>"; };
		2790591A258738DD00C9372A /* Tests macOS.xctest */ = {isa = PBXFileReference; explicitFileType = wrapper.cfbundle; includeInIndex = 0; path = "Tests macOS.xctest"; sourceTree = BUILT_PRODUCTS_DIR; };
		2790591E258738DD00C9372A /* Tests_macOS.swift */ = {isa = PBXFileReference; lastKnownFileType = sourcecode.swift; path = Tests_macOS.swift; sourceTree = "<group>"; };
		27905920258738DD00C9372A /* Info.plist */ = {isa = PBXFileReference; lastKnownFileType = text.plist.xml; path = Info.plist; sourceTree = "<group>"; };
		2790593E2587396800C9372A /* recipes.json */ = {isa = PBXFileReference; lastKnownFileType = text.json; path = recipes.json; sourceTree = "<group>"; };
		2790594625873B0000C9372A /* Ingredient.swift */ = {isa = PBXFileReference; lastKnownFileType = sourcecode.swift; path = Ingredient.swift; sourceTree = "<group>"; };
		279059512587413700C9372A /* RecipeList.swift */ = {isa = PBXFileReference; lastKnownFileType = sourcecode.swift; path = RecipeList.swift; sourceTree = "<group>"; };
		279059612587455D00C9372A /* DesignTime.swift */ = {isa = PBXFileReference; lastKnownFileType = sourcecode.swift; path = DesignTime.swift; sourceTree = "<group>"; };
		27905968258745E500C9372A /* Recipe.swift */ = {isa = PBXFileReference; lastKnownFileType = sourcecode.swift; path = Recipe.swift; sourceTree = "<group>"; };
		2790597C25874ACE00C9372A /* RecipeListRow.swift */ = {isa = PBXFileReference; lastKnownFileType = sourcecode.swift; path = RecipeListRow.swift; sourceTree = "<group>"; };
		2790599B2587510A00C9372A /* RemoteImage.swift */ = {isa = PBXFileReference; lastKnownFileType = sourcecode.swift; path = RemoteImage.swift; sourceTree = "<group>"; };
		279059A22587565500C9372A /* ImageLoader.swift */ = {isa = PBXFileReference; lastKnownFileType = sourcecode.swift; path = ImageLoader.swift; sourceTree = "<group>"; };
		279059B125875E3E00C9372A /* RecipeLoader.swift */ = {isa = PBXFileReference; lastKnownFileType = sourcecode.swift; path = RecipeLoader.swift; sourceTree = "<group>"; };
/* End PBXFileReference section */

/* Begin PBXFrameworksBuildPhase section */
		279058FC258738DD00C9372A /* Frameworks */ = {
			isa = PBXFrameworksBuildPhase;
			buildActionMask = 2147483647;
			files = (
			);
			runOnlyForDeploymentPostprocessing = 0;
		};
		27905904258738DD00C9372A /* Frameworks */ = {
			isa = PBXFrameworksBuildPhase;
			buildActionMask = 2147483647;
			files = (
			);
			runOnlyForDeploymentPostprocessing = 0;
		};
		2790590C258738DD00C9372A /* Frameworks */ = {
			isa = PBXFrameworksBuildPhase;
			buildActionMask = 2147483647;
			files = (
			);
			runOnlyForDeploymentPostprocessing = 0;
		};
		27905917258738DD00C9372A /* Frameworks */ = {
			isa = PBXFrameworksBuildPhase;
			buildActionMask = 2147483647;
			files = (
			);
			runOnlyForDeploymentPostprocessing = 0;
		};
/* End PBXFrameworksBuildPhase section */

/* Begin PBXGroup section */
		279058EF258738DC00C9372A = {
			isa = PBXGroup;
			children = (
				279058F4258738DD00C9372A /* Shared */,
				27905901258738DD00C9372A /* iOS */,
				27905908258738DD00C9372A /* macOS */,
				27905958258744CC00C9372A /* DesignTime */,
				27905912258738DD00C9372A /* Tests iOS */,
				2790591D258738DD00C9372A /* Tests macOS */,
				27905900258738DD00C9372A /* Products */,
			);
			sourceTree = "<group>";
		};
		279058F4258738DD00C9372A /* Shared */ = {
			isa = PBXGroup;
			children = (
				279058F7258738DD00C9372A /* CocktailApp.swift */,
				27905973258749A900C9372A /* View */,
				2790594525873AE100C9372A /* Model */,
				279059832587503A00C9372A /* Services */,
				2790593D2587393200C9372A /* Resources */,
			);
			path = Shared;
			sourceTree = "<group>";
		};
		27905900258738DD00C9372A /* Products */ = {
			isa = PBXGroup;
			children = (
				279058FF258738DD00C9372A /* Cocktail.app */,
				27905907258738DD00C9372A /* Cocktail.app */,
				2790590F258738DD00C9372A /* Tests iOS.xctest */,
				2790591A258738DD00C9372A /* Tests macOS.xctest */,
			);
			name = Products;
			sourceTree = "<group>";
		};
		27905901258738DD00C9372A /* iOS */ = {
			isa = PBXGroup;
			children = (
				27905902258738DD00C9372A /* Info.plist */,
			);
			path = iOS;
			sourceTree = "<group>";
		};
		27905908258738DD00C9372A /* macOS */ = {
			isa = PBXGroup;
			children = (
				27905909258738DD00C9372A /* Info.plist */,
				2790590A258738DD00C9372A /* macOS.entitlements */,
			);
			path = macOS;
			sourceTree = "<group>";
		};
		27905912258738DD00C9372A /* Tests iOS */ = {
			isa = PBXGroup;
			children = (
				27905913258738DD00C9372A /* Tests_iOS.swift */,
				27905915258738DD00C9372A /* Info.plist */,
			);
			path = "Tests iOS";
			sourceTree = "<group>";
		};
		2790591D258738DD00C9372A /* Tests macOS */ = {
			isa = PBXGroup;
			children = (
				2790591E258738DD00C9372A /* Tests_macOS.swift */,
				27905920258738DD00C9372A /* Info.plist */,
			);
			path = "Tests macOS";
			sourceTree = "<group>";
		};
		2790593D2587393200C9372A /* Resources */ = {
			isa = PBXGroup;
			children = (
				279058FA258738DD00C9372A /* Assets.xcassets */,
				2790593E2587396800C9372A /* recipes.json */,
			);
			path = Resources;
			sourceTree = "<group>";
		};
		2790594525873AE100C9372A /* Model */ = {
			isa = PBXGroup;
			children = (
				279058F5258738DD00C9372A /* Cocktail.xcdatamodeld */,
				279058F9258738DD00C9372A /* Persistence.swift */,
				2790594625873B0000C9372A /* Ingredient.swift */,
				27905968258745E500C9372A /* Recipe.swift */,
			);
			path = Model;
			sourceTree = "<group>";
		};
		27905958258744CC00C9372A /* DesignTime */ = {
			isa = PBXGroup;
			children = (
				279059612587455D00C9372A /* DesignTime.swift */,
			);
			path = DesignTime;
			sourceTree = "<group>";
		};
		27905973258749A900C9372A /* View */ = {
			isa = PBXGroup;
			children = (
				2790599A258750E700C9372A /* components */,
				279058F8258738DD00C9372A /* ContentView.swift */,
				279059512587413700C9372A /* RecipeList.swift */,
				2790597C25874ACE00C9372A /* RecipeListRow.swift */,
			);
			path = View;
			sourceTree = "<group>";
		};
		279059832587503A00C9372A /* Services */ = {
			isa = PBXGroup;
			children = (
				279059A22587565500C9372A /* ImageLoader.swift */,
				279059B125875E3E00C9372A /* RecipeLoader.swift */,
			);
			path = Services;
			sourceTree = "<group>";
		};
		2790599A258750E700C9372A /* components */ = {
			isa = PBXGroup;
			children = (
				2790599B2587510A00C9372A /* RemoteImage.swift */,
			);
			path = components;
			sourceTree = "<group>";
		};
/* End PBXGroup section */

/* Begin PBXNativeTarget section */
		279058FE258738DD00C9372A /* Cocktail (iOS) */ = {
			isa = PBXNativeTarget;
			buildConfigurationList = 2790592D258738DD00C9372A /* Build configuration list for PBXNativeTarget "Cocktail (iOS)" */;
			buildPhases = (
				279058FB258738DD00C9372A /* Sources */,
				279058FC258738DD00C9372A /* Frameworks */,
				279058FD258738DD00C9372A /* Resources */,
			);
			buildRules = (
			);
			dependencies = (
			);
			name = "Cocktail (iOS)";
			productName = "Cocktail (iOS)";
			productReference = 279058FF258738DD00C9372A /* Cocktail.app */;
			productType = "com.apple.product-type.application";
		};
		27905906258738DD00C9372A /* Cocktail (macOS) */ = {
			isa = PBXNativeTarget;
			buildConfigurationList = 27905930258738DD00C9372A /* Build configuration list for PBXNativeTarget "Cocktail (macOS)" */;
			buildPhases = (
				27905903258738DD00C9372A /* Sources */,
				27905904258738DD00C9372A /* Frameworks */,
				27905905258738DD00C9372A /* Resources */,
			);
			buildRules = (
			);
			dependencies = (
			);
			name = "Cocktail (macOS)";
			productName = "Cocktail (macOS)";
			productReference = 27905907258738DD00C9372A /* Cocktail.app */;
			productType = "com.apple.product-type.application";
		};
		2790590E258738DD00C9372A /* Tests iOS */ = {
			isa = PBXNativeTarget;
			buildConfigurationList = 27905933258738DD00C9372A /* Build configuration list for PBXNativeTarget "Tests iOS" */;
			buildPhases = (
				2790590B258738DD00C9372A /* Sources */,
				2790590C258738DD00C9372A /* Frameworks */,
				2790590D258738DD00C9372A /* Resources */,
			);
			buildRules = (
			);
			dependencies = (
				27905911258738DD00C9372A /* PBXTargetDependency */,
			);
			name = "Tests iOS";
			productName = "Tests iOS";
			productReference = 2790590F258738DD00C9372A /* Tests iOS.xctest */;
			productType = "com.apple.product-type.bundle.ui-testing";
		};
		27905919258738DD00C9372A /* Tests macOS */ = {
			isa = PBXNativeTarget;
			buildConfigurationList = 27905936258738DD00C9372A /* Build configuration list for PBXNativeTarget "Tests macOS" */;
			buildPhases = (
				27905916258738DD00C9372A /* Sources */,
				27905917258738DD00C9372A /* Frameworks */,
				27905918258738DD00C9372A /* Resources */,
			);
			buildRules = (
			);
			dependencies = (
				2790591C258738DD00C9372A /* PBXTargetDependency */,
			);
			name = "Tests macOS";
			productName = "Tests macOS";
			productReference = 2790591A258738DD00C9372A /* Tests macOS.xctest */;
			productType = "com.apple.product-type.bundle.ui-testing";
		};
/* End PBXNativeTarget section */

/* Begin PBXProject section */
		279058F0258738DC00C9372A /* Project object */ = {
			isa = PBXProject;
			attributes = {
				LastSwiftUpdateCheck = 1220;
				LastUpgradeCheck = 1220;
				TargetAttributes = {
					279058FE258738DD00C9372A = {
						CreatedOnToolsVersion = 12.2;
					};
					27905906258738DD00C9372A = {
						CreatedOnToolsVersion = 12.2;
					};
					2790590E258738DD00C9372A = {
						CreatedOnToolsVersion = 12.2;
						TestTargetID = 279058FE258738DD00C9372A;
					};
					27905919258738DD00C9372A = {
						CreatedOnToolsVersion = 12.2;
						TestTargetID = 27905906258738DD00C9372A;
					};
				};
			};
			buildConfigurationList = 279058F3258738DC00C9372A /* Build configuration list for PBXProject "Cocktail" */;
			compatibilityVersion = "Xcode 9.3";
			developmentRegion = en;
			hasScannedForEncodings = 0;
			knownRegions = (
				en,
				Base,
			);
			mainGroup = 279058EF258738DC00C9372A;
			productRefGroup = 27905900258738DD00C9372A /* Products */;
			projectDirPath = "";
			projectRoot = "";
			targets = (
				279058FE258738DD00C9372A /* Cocktail (iOS) */,
				27905906258738DD00C9372A /* Cocktail (macOS) */,
				2790590E258738DD00C9372A /* Tests iOS */,
				27905919258738DD00C9372A /* Tests macOS */,
			);
		};
/* End PBXProject section */

/* Begin PBXResourcesBuildPhase section */
		279058FD258738DD00C9372A /* Resources */ = {
			isa = PBXResourcesBuildPhase;
			buildActionMask = 2147483647;
			files = (
				27905929258738DD00C9372A /* Assets.xcassets in Resources */,
				2790593F2587396800C9372A /* recipes.json in Resources */,
			);
			runOnlyForDeploymentPostprocessing = 0;
		};
		27905905258738DD00C9372A /* Resources */ = {
			isa = PBXResourcesBuildPhase;
			buildActionMask = 2147483647;
			files = (
				2790592A258738DD00C9372A /* Assets.xcassets in Resources */,
				279059402587396800C9372A /* recipes.json in Resources */,
			);
			runOnlyForDeploymentPostprocessing = 0;
		};
		2790590D258738DD00C9372A /* Resources */ = {
			isa = PBXResourcesBuildPhase;
			buildActionMask = 2147483647;
			files = (
			);
			runOnlyForDeploymentPostprocessing = 0;
		};
		27905918258738DD00C9372A /* Resources */ = {
			isa = PBXResourcesBuildPhase;
			buildActionMask = 2147483647;
			files = (
			);
			runOnlyForDeploymentPostprocessing = 0;
		};
/* End PBXResourcesBuildPhase section */

/* Begin PBXSourcesBuildPhase section */
		279058FB258738DD00C9372A /* Sources */ = {
			isa = PBXSourcesBuildPhase;
			buildActionMask = 2147483647;
			files = (
				2790594725873B0000C9372A /* Ingredient.swift in Sources */,
				2790597D25874ACE00C9372A /* RecipeListRow.swift in Sources */,
				279059522587413700C9372A /* RecipeList.swift in Sources */,
				2790599C2587510A00C9372A /* RemoteImage.swift in Sources */,
				27905921258738DD00C9372A /* Cocktail.xcdatamodeld in Sources */,
				279059A32587565500C9372A /* ImageLoader.swift in Sources */,
				27905927258738DD00C9372A /* Persistence.swift in Sources */,
				279059622587455D00C9372A /* DesignTime.swift in Sources */,
				279059B225875E3E00C9372A /* RecipeLoader.swift in Sources */,
				27905923258738DD00C9372A /* CocktailApp.swift in Sources */,
				27905969258745E500C9372A /* Recipe.swift in Sources */,
				27905925258738DD00C9372A /* ContentView.swift in Sources */,
			);
			runOnlyForDeploymentPostprocessing = 0;
		};
		27905903258738DD00C9372A /* Sources */ = {
			isa = PBXSourcesBuildPhase;
			buildActionMask = 2147483647;
			files = (
				2790594825873B0000C9372A /* Ingredient.swift in Sources */,
				2790597E25874ACE00C9372A /* RecipeListRow.swift in Sources */,
				279059532587413700C9372A /* RecipeList.swift in Sources */,
				2790599D2587510A00C9372A /* RemoteImage.swift in Sources */,
				27905922258738DD00C9372A /* Cocktail.xcdatamodeld in Sources */,
				279059A42587565500C9372A /* ImageLoader.swift in Sources */,
				27905928258738DD00C9372A /* Persistence.swift in Sources */,
				279059632587455D00C9372A /* DesignTime.swift in Sources */,
				279059B325875E3E00C9372A /* RecipeLoader.swift in Sources */,
				27905924258738DD00C9372A /* CocktailApp.swift in Sources */,
				2790596A258745E500C9372A /* Recipe.swift in Sources */,
				27905926258738DD00C9372A /* ContentView.swift in Sources */,
			);
			runOnlyForDeploymentPostprocessing = 0;
		};
		2790590B258738DD00C9372A /* Sources */ = {
			isa = PBXSourcesBuildPhase;
			buildActionMask = 2147483647;
			files = (
				27905914258738DD00C9372A /* Tests_iOS.swift in Sources */,
			);
			runOnlyForDeploymentPostprocessing = 0;
		};
		27905916258738DD00C9372A /* Sources */ = {
			isa = PBXSourcesBuildPhase;
			buildActionMask = 2147483647;
			files = (
				2790591F258738DD00C9372A /* Tests_macOS.swift in Sources */,
			);
			runOnlyForDeploymentPostprocessing = 0;
		};
/* End PBXSourcesBuildPhase section */

/* Begin PBXTargetDependency section */
		27905911258738DD00C9372A /* PBXTargetDependency */ = {
			isa = PBXTargetDependency;
			target = 279058FE258738DD00C9372A /* Cocktail (iOS) */;
			targetProxy = 27905910258738DD00C9372A /* PBXContainerItemProxy */;
		};
		2790591C258738DD00C9372A /* PBXTargetDependency */ = {
			isa = PBXTargetDependency;
			target = 27905906258738DD00C9372A /* Cocktail (macOS) */;
			targetProxy = 2790591B258738DD00C9372A /* PBXContainerItemProxy */;
		};
/* End PBXTargetDependency section */

/* Begin XCBuildConfiguration section */
		2790592B258738DD00C9372A /* Debug */ = {
			isa = XCBuildConfiguration;
			buildSettings = {
				ALWAYS_SEARCH_USER_PATHS = NO;
				CLANG_ANALYZER_NONNULL = YES;
				CLANG_ANALYZER_NUMBER_OBJECT_CONVERSION = YES_AGGRESSIVE;
				CLANG_CXX_LANGUAGE_STANDARD = "gnu++14";
				CLANG_CXX_LIBRARY = "libc++";
				CLANG_ENABLE_MODULES = YES;
				CLANG_ENABLE_OBJC_ARC = YES;
				CLANG_ENABLE_OBJC_WEAK = YES;
				CLANG_WARN_BLOCK_CAPTURE_AUTORELEASING = YES;
				CLANG_WARN_BOOL_CONVERSION = YES;
				CLANG_WARN_COMMA = YES;
				CLANG_WARN_CONSTANT_CONVERSION = YES;
				CLANG_WARN_DEPRECATED_OBJC_IMPLEMENTATIONS = YES;
				CLANG_WARN_DIRECT_OBJC_ISA_USAGE = YES_ERROR;
				CLANG_WARN_DOCUMENTATION_COMMENTS = YES;
				CLANG_WARN_EMPTY_BODY = YES;
				CLANG_WARN_ENUM_CONVERSION = YES;
				CLANG_WARN_INFINITE_RECURSION = YES;
				CLANG_WARN_INT_CONVERSION = YES;
				CLANG_WARN_NON_LITERAL_NULL_CONVERSION = YES;
				CLANG_WARN_OBJC_IMPLICIT_RETAIN_SELF = YES;
				CLANG_WARN_OBJC_LITERAL_CONVERSION = YES;
				CLANG_WARN_OBJC_ROOT_CLASS = YES_ERROR;
				CLANG_WARN_QUOTED_INCLUDE_IN_FRAMEWORK_HEADER = YES;
				CLANG_WARN_RANGE_LOOP_ANALYSIS = YES;
				CLANG_WARN_STRICT_PROTOTYPES = YES;
				CLANG_WARN_SUSPICIOUS_MOVE = YES;
				CLANG_WARN_UNGUARDED_AVAILABILITY = YES_AGGRESSIVE;
				CLANG_WARN_UNREACHABLE_CODE = YES;
				CLANG_WARN__DUPLICATE_METHOD_MATCH = YES;
				COPY_PHASE_STRIP = NO;
				DEBUG_INFORMATION_FORMAT = dwarf;
				ENABLE_STRICT_OBJC_MSGSEND = YES;
				ENABLE_TESTABILITY = YES;
				GCC_C_LANGUAGE_STANDARD = gnu11;
				GCC_DYNAMIC_NO_PIC = NO;
				GCC_NO_COMMON_BLOCKS = YES;
				GCC_OPTIMIZATION_LEVEL = 0;
				GCC_PREPROCESSOR_DEFINITIONS = (
					"DEBUG=1",
					"$(inherited)",
				);
				GCC_WARN_64_TO_32_BIT_CONVERSION = YES;
				GCC_WARN_ABOUT_RETURN_TYPE = YES_ERROR;
				GCC_WARN_UNDECLARED_SELECTOR = YES;
				GCC_WARN_UNINITIALIZED_AUTOS = YES_AGGRESSIVE;
				GCC_WARN_UNUSED_FUNCTION = YES;
				GCC_WARN_UNUSED_VARIABLE = YES;
				MTL_ENABLE_DEBUG_INFO = INCLUDE_SOURCE;
				MTL_FAST_MATH = YES;
				ONLY_ACTIVE_ARCH = YES;
				SWIFT_ACTIVE_COMPILATION_CONDITIONS = DEBUG;
				SWIFT_OPTIMIZATION_LEVEL = "-Onone";
			};
			name = Debug;
		};
		2790592C258738DD00C9372A /* Release */ = {
			isa = XCBuildConfiguration;
			buildSettings = {
				ALWAYS_SEARCH_USER_PATHS = NO;
				CLANG_ANALYZER_NONNULL = YES;
				CLANG_ANALYZER_NUMBER_OBJECT_CONVERSION = YES_AGGRESSIVE;
				CLANG_CXX_LANGUAGE_STANDARD = "gnu++14";
				CLANG_CXX_LIBRARY = "libc++";
				CLANG_ENABLE_MODULES = YES;
				CLANG_ENABLE_OBJC_ARC = YES;
				CLANG_ENABLE_OBJC_WEAK = YES;
				CLANG_WARN_BLOCK_CAPTURE_AUTORELEASING = YES;
				CLANG_WARN_BOOL_CONVERSION = YES;
				CLANG_WARN_COMMA = YES;
				CLANG_WARN_CONSTANT_CONVERSION = YES;
				CLANG_WARN_DEPRECATED_OBJC_IMPLEMENTATIONS = YES;
				CLANG_WARN_DIRECT_OBJC_ISA_USAGE = YES_ERROR;
				CLANG_WARN_DOCUMENTATION_COMMENTS = YES;
				CLANG_WARN_EMPTY_BODY = YES;
				CLANG_WARN_ENUM_CONVERSION = YES;
				CLANG_WARN_INFINITE_RECURSION = YES;
				CLANG_WARN_INT_CONVERSION = YES;
				CLANG_WARN_NON_LITERAL_NULL_CONVERSION = YES;
				CLANG_WARN_OBJC_IMPLICIT_RETAIN_SELF = YES;
				CLANG_WARN_OBJC_LITERAL_CONVERSION = YES;
				CLANG_WARN_OBJC_ROOT_CLASS = YES_ERROR;
				CLANG_WARN_QUOTED_INCLUDE_IN_FRAMEWORK_HEADER = YES;
				CLANG_WARN_RANGE_LOOP_ANALYSIS = YES;
				CLANG_WARN_STRICT_PROTOTYPES = YES;
				CLANG_WARN_SUSPICIOUS_MOVE = YES;
				CLANG_WARN_UNGUARDED_AVAILABILITY = YES_AGGRESSIVE;
				CLANG_WARN_UNREACHABLE_CODE = YES;
				CLANG_WARN__DUPLICATE_METHOD_MATCH = YES;
				COPY_PHASE_STRIP = NO;
				DEBUG_INFORMATION_FORMAT = "dwarf-with-dsym";
				ENABLE_NS_ASSERTIONS = NO;
				ENABLE_STRICT_OBJC_MSGSEND = YES;
				GCC_C_LANGUAGE_STANDARD = gnu11;
				GCC_NO_COMMON_BLOCKS = YES;
				GCC_WARN_64_TO_32_BIT_CONVERSION = YES;
				GCC_WARN_ABOUT_RETURN_TYPE = YES_ERROR;
				GCC_WARN_UNDECLARED_SELECTOR = YES;
				GCC_WARN_UNINITIALIZED_AUTOS = YES_AGGRESSIVE;
				GCC_WARN_UNUSED_FUNCTION = YES;
				GCC_WARN_UNUSED_VARIABLE = YES;
				MTL_ENABLE_DEBUG_INFO = NO;
				MTL_FAST_MATH = YES;
				SWIFT_COMPILATION_MODE = wholemodule;
				SWIFT_OPTIMIZATION_LEVEL = "-O";
			};
			name = Release;
		};
		2790592E258738DD00C9372A /* Debug */ = {
			isa = XCBuildConfiguration;
			buildSettings = {
				ASSETCATALOG_COMPILER_APPICON_NAME = AppIcon;
				ASSETCATALOG_COMPILER_GLOBAL_ACCENT_COLOR_NAME = AccentColor;
				CODE_SIGN_STYLE = Automatic;
				ENABLE_PREVIEWS = YES;
				INFOPLIST_FILE = iOS/Info.plist;
				IPHONEOS_DEPLOYMENT_TARGET = 14.0;
				LD_RUNPATH_SEARCH_PATHS = (
					"$(inherited)",
					"@executable_path/Frameworks",
				);
				PRODUCT_BUNDLE_IDENTIFIER = rip.steakface.Cocktail;
				PRODUCT_NAME = Cocktail;
				SDKROOT = iphoneos;
				SWIFT_VERSION = 5.0;
				TARGETED_DEVICE_FAMILY = "1,2";
			};
			name = Debug;
		};
		2790592F258738DD00C9372A /* Release */ = {
			isa = XCBuildConfiguration;
			buildSettings = {
				ASSETCATALOG_COMPILER_APPICON_NAME = AppIcon;
				ASSETCATALOG_COMPILER_GLOBAL_ACCENT_COLOR_NAME = AccentColor;
				CODE_SIGN_STYLE = Automatic;
				ENABLE_PREVIEWS = YES;
				INFOPLIST_FILE = iOS/Info.plist;
				IPHONEOS_DEPLOYMENT_TARGET = 14.0;
				LD_RUNPATH_SEARCH_PATHS = (
					"$(inherited)",
					"@executable_path/Frameworks",
				);
				PRODUCT_BUNDLE_IDENTIFIER = rip.steakface.Cocktail;
				PRODUCT_NAME = Cocktail;
				SDKROOT = iphoneos;
				SWIFT_VERSION = 5.0;
				TARGETED_DEVICE_FAMILY = "1,2";
				VALIDATE_PRODUCT = YES;
			};
			name = Release;
		};
		27905931258738DD00C9372A /* Debug */ = {
			isa = XCBuildConfiguration;
			buildSettings = {
				ASSETCATALOG_COMPILER_APPICON_NAME = AppIcon;
				ASSETCATALOG_COMPILER_GLOBAL_ACCENT_COLOR_NAME = AccentColor;
				CODE_SIGN_ENTITLEMENTS = macOS/macOS.entitlements;
				CODE_SIGN_STYLE = Automatic;
				COMBINE_HIDPI_IMAGES = YES;
				ENABLE_PREVIEWS = YES;
				INFOPLIST_FILE = macOS/Info.plist;
				LD_RUNPATH_SEARCH_PATHS = (
					"$(inherited)",
					"@executable_path/../Frameworks",
				);
				MACOSX_DEPLOYMENT_TARGET = 11.0;
				PRODUCT_BUNDLE_IDENTIFIER = rip.steakface.Cocktail;
				PRODUCT_NAME = Cocktail;
				SDKROOT = macosx;
				SWIFT_VERSION = 5.0;
			};
			name = Debug;
		};
		27905932258738DD00C9372A /* Release */ = {
			isa = XCBuildConfiguration;
			buildSettings = {
				ASSETCATALOG_COMPILER_APPICON_NAME = AppIcon;
				ASSETCATALOG_COMPILER_GLOBAL_ACCENT_COLOR_NAME = AccentColor;
				CODE_SIGN_ENTITLEMENTS = macOS/macOS.entitlements;
				CODE_SIGN_STYLE = Automatic;
				COMBINE_HIDPI_IMAGES = YES;
				ENABLE_PREVIEWS = YES;
				INFOPLIST_FILE = macOS/Info.plist;
				LD_RUNPATH_SEARCH_PATHS = (
					"$(inherited)",
					"@executable_path/../Frameworks",
				);
				MACOSX_DEPLOYMENT_TARGET = 11.0;
				PRODUCT_BUNDLE_IDENTIFIER = rip.steakface.Cocktail;
				PRODUCT_NAME = Cocktail;
				SDKROOT = macosx;
				SWIFT_VERSION = 5.0;
			};
			name = Release;
		};
		27905934258738DD00C9372A /* Debug */ = {
			isa = XCBuildConfiguration;
			buildSettings = {
				ALWAYS_EMBED_SWIFT_STANDARD_LIBRARIES = YES;
				CODE_SIGN_STYLE = Automatic;
				INFOPLIST_FILE = "Tests iOS/Info.plist";
				IPHONEOS_DEPLOYMENT_TARGET = 14.2;
				LD_RUNPATH_SEARCH_PATHS = (
					"$(inherited)",
					"@executable_path/Frameworks",
					"@loader_path/Frameworks",
				);
				PRODUCT_BUNDLE_IDENTIFIER = "rip.steakface.Tests-iOS";
				PRODUCT_NAME = "$(TARGET_NAME)";
				SDKROOT = iphoneos;
				SWIFT_VERSION = 5.0;
				TARGETED_DEVICE_FAMILY = "1,2";
				TEST_TARGET_NAME = "Cocktail (iOS)";
			};
			name = Debug;
		};
		27905935258738DD00C9372A /* Release */ = {
			isa = XCBuildConfiguration;
			buildSettings = {
				ALWAYS_EMBED_SWIFT_STANDARD_LIBRARIES = YES;
				CODE_SIGN_STYLE = Automatic;
				INFOPLIST_FILE = "Tests iOS/Info.plist";
				IPHONEOS_DEPLOYMENT_TARGET = 14.2;
				LD_RUNPATH_SEARCH_PATHS = (
					"$(inherited)",
					"@executable_path/Frameworks",
					"@loader_path/Frameworks",
				);
				PRODUCT_BUNDLE_IDENTIFIER = "rip.steakface.Tests-iOS";
				PRODUCT_NAME = "$(TARGET_NAME)";
				SDKROOT = iphoneos;
				SWIFT_VERSION = 5.0;
				TARGETED_DEVICE_FAMILY = "1,2";
				TEST_TARGET_NAME = "Cocktail (iOS)";
				VALIDATE_PRODUCT = YES;
			};
			name = Release;
		};
		27905937258738DD00C9372A /* Debug */ = {
			isa = XCBuildConfiguration;
			buildSettings = {
				ALWAYS_EMBED_SWIFT_STANDARD_LIBRARIES = YES;
				CODE_SIGN_STYLE = Automatic;
				COMBINE_HIDPI_IMAGES = YES;
				INFOPLIST_FILE = "Tests macOS/Info.plist";
				LD_RUNPATH_SEARCH_PATHS = (
					"$(inherited)",
					"@executable_path/../Frameworks",
					"@loader_path/../Frameworks",
				);
				MACOSX_DEPLOYMENT_TARGET = 11.0;
				PRODUCT_BUNDLE_IDENTIFIER = "rip.steakface.Tests-macOS";
				PRODUCT_NAME = "$(TARGET_NAME)";
				SDKROOT = macosx;
				SWIFT_VERSION = 5.0;
				TEST_TARGET_NAME = "Cocktail (macOS)";
			};
			name = Debug;
		};
		27905938258738DD00C9372A /* Release */ = {
			isa = XCBuildConfiguration;
			buildSettings = {
				ALWAYS_EMBED_SWIFT_STANDARD_LIBRARIES = YES;
				CODE_SIGN_STYLE = Automatic;
				COMBINE_HIDPI_IMAGES = YES;
				INFOPLIST_FILE = "Tests macOS/Info.plist";
				LD_RUNPATH_SEARCH_PATHS = (
					"$(inherited)",
					"@executable_path/../Frameworks",
					"@loader_path/../Frameworks",
				);
				MACOSX_DEPLOYMENT_TARGET = 11.0;
				PRODUCT_BUNDLE_IDENTIFIER = "rip.steakface.Tests-macOS";
				PRODUCT_NAME = "$(TARGET_NAME)";
				SDKROOT = macosx;
				SWIFT_VERSION = 5.0;
				TEST_TARGET_NAME = "Cocktail (macOS)";
			};
			name = Release;
		};
/* End XCBuildConfiguration section */

/* Begin XCConfigurationList section */
		279058F3258738DC00C9372A /* Build configuration list for PBXProject "Cocktail" */ = {
			isa = XCConfigurationList;
			buildConfigurations = (
				2790592B258738DD00C9372A /* Debug */,
				2790592C258738DD00C9372A /* Release */,
			);
			defaultConfigurationIsVisible = 0;
			defaultConfigurationName = Release;
		};
		2790592D258738DD00C9372A /* Build configuration list for PBXNativeTarget "Cocktail (iOS)" */ = {
			isa = XCConfigurationList;
			buildConfigurations = (
				2790592E258738DD00C9372A /* Debug */,
				2790592F258738DD00C9372A /* Release */,
			);
			defaultConfigurationIsVisible = 0;
			defaultConfigurationName = Release;
		};
		27905930258738DD00C9372A /* Build configuration list for PBXNativeTarget "Cocktail (macOS)" */ = {
			isa = XCConfigurationList;
			buildConfigurations = (
				27905931258738DD00C9372A /* Debug */,
				27905932258738DD00C9372A /* Release */,
			);
			defaultConfigurationIsVisible = 0;
			defaultConfigurationName = Release;
		};
		27905933258738DD00C9372A /* Build configuration list for PBXNativeTarget "Tests iOS" */ = {
			isa = XCConfigurationList;
			buildConfigurations = (
				27905934258738DD00C9372A /* Debug */,
				27905935258738DD00C9372A /* Release */,
			);
			defaultConfigurationIsVisible = 0;
			defaultConfigurationName = Release;
		};
		27905936258738DD00C9372A /* Build configuration list for PBXNativeTarget "Tests macOS" */ = {
			isa = XCConfigurationList;
			buildConfigurations = (
				27905937258738DD00C9372A /* Debug */,
				27905938258738DD00C9372A /* Release */,
			);
			defaultConfigurationIsVisible = 0;
			defaultConfigurationName = Release;
		};
/* End XCConfigurationList section */

/* Begin XCVersionGroup section */
		279058F5258738DD00C9372A /* Cocktail.xcdatamodeld */ = {
			isa = XCVersionGroup;
			children = (
				279058F6258738DD00C9372A /* Shared.xcdatamodel */,
			);
			currentVersion = 279058F6258738DD00C9372A /* Shared.xcdatamodel */;
			path = Cocktail.xcdatamodeld;
			sourceTree = "<group>";
			versionGroupType = wrapper.xcdatamodel;
		};
/* End XCVersionGroup section */
	};
	rootObject = 279058F0258738DC00C9372A /* Project object */;
}
